// !$*UTF8*$!
{
	archiveVersion = 1;
	classes = {
	};
	objectVersion = 50;
	objects = {

/* Begin PBXBuildFile section */
		CA66CA9224BF4C7200B1A539 /* AppDelegate.swift in Sources */ = {isa = PBXBuildFile; fileRef = CA66CA9124BF4C7200B1A539 /* AppDelegate.swift */; };
		CA66CA9424BF4C7200B1A539 /* SceneDelegate.swift in Sources */ = {isa = PBXBuildFile; fileRef = CA66CA9324BF4C7200B1A539 /* SceneDelegate.swift */; };
		CA66CA9624BF4C7200B1A539 /* ViewController.swift in Sources */ = {isa = PBXBuildFile; fileRef = CA66CA9524BF4C7200B1A539 /* ViewController.swift */; };
		CA66CA9924BF4C7200B1A539 /* Main.storyboard in Resources */ = {isa = PBXBuildFile; fileRef = CA66CA9724BF4C7200B1A539 /* Main.storyboard */; };
		CA66CA9B24BF4C7500B1A539 /* Assets.xcassets in Resources */ = {isa = PBXBuildFile; fileRef = CA66CA9A24BF4C7500B1A539 /* Assets.xcassets */; };
		CA66CA9E24BF4C7500B1A539 /* LaunchScreen.storyboard in Resources */ = {isa = PBXBuildFile; fileRef = CA66CA9C24BF4C7500B1A539 /* LaunchScreen.storyboard */; };
/* End PBXBuildFile section */

/* Begin PBXFileReference section */
		CA66CA8E24BF4C7200B1A539 /* JutiLantern.app */ = {isa = PBXFileReference; explicitFileType = wrapper.application; includeInIndex = 0; path = JutiLantern.app; sourceTree = BUILT_PRODUCTS_DIR; };
		CA66CA9124BF4C7200B1A539 /* AppDelegate.swift */ = {isa = PBXFileReference; lastKnownFileType = sourcecode.swift; path = AppDelegate.swift; sourceTree = "<group>"; };
		CA66CA9324BF4C7200B1A539 /* SceneDelegate.swift */ = {isa = PBXFileReference; lastKnownFileType = sourcecode.swift; path = SceneDelegate.swift; sourceTree = "<group>"; };
		CA66CA9524BF4C7200B1A539 /* ViewController.swift */ = {isa = PBXFileReference; lastKnownFileType = sourcecode.swift; path = ViewController.swift; sourceTree = "<group>"; };
		CA66CA9824BF4C7200B1A539 /* Base */ = {isa = PBXFileReference; lastKnownFileType = file.storyboard; name = Base; path = Base.lproj/Main.storyboard; sourceTree = "<group>"; };
		CA66CA9A24BF4C7500B1A539 /* Assets.xcassets */ = {isa = PBXFileReference; lastKnownFileType = folder.assetcatalog; path = Assets.xcassets; sourceTree = "<group>"; };
		CA66CA9D24BF4C7500B1A539 /* Base */ = {isa = PBXFileReference; lastKnownFileType = file.storyboard; name = Base; path = Base.lproj/LaunchScreen.storyboard; sourceTree = "<group>"; };
		CA66CA9F24BF4C7500B1A539 /* Info.plist */ = {isa = PBXFileReference; lastKnownFileType = text.plist.xml; path = Info.plist; sourceTree = "<group>"; };
/* End PBXFileReference section */

/* Begin PBXFrameworksBuildPhase section */
		CA66CA8B24BF4C7200B1A539 /* Frameworks */ = {
			isa = PBXFrameworksBuildPhase;
			buildActionMask = 2147483647;
			files = (
			);
			runOnlyForDeploymentPostprocessing = 0;
		};
/* End PBXFrameworksBuildPhase section */

/* Begin PBXGroup section */
		CA66CA8524BF4C7200B1A539 = {
			isa = PBXGroup;
			children = (
				CA66CA9024BF4C7200B1A539 /* JutiLantern */,
				CA66CA8F24BF4C7200B1A539 /* Products */,
			);
			sourceTree = "<group>";
		};
		CA66CA8F24BF4C7200B1A539 /* Products */ = {
			isa = PBXGroup;
			children = (
				CA66CA8E24BF4C7200B1A539 /* JutiLantern.app */,
			);
			name = Products;
			sourceTree = "<group>";
		};
		CA66CA9024BF4C7200B1A539 /* JutiLantern */ = {
			isa = PBXGroup;
			children = (
				CA66CA9124BF4C7200B1A539 /* AppDelegate.swift */,
				CA66CA9324BF4C7200B1A539 /* SceneDelegate.swift */,
				CA66CA9524BF4C7200B1A539 /* ViewController.swift */,
				CA66CA9724BF4C7200B1A539 /* Main.storyboard */,
				CA66CA9A24BF4C7500B1A539 /* Assets.xcassets */,
				CA66CA9C24BF4C7500B1A539 /* LaunchScreen.storyboard */,
				CA66CA9F24BF4C7500B1A539 /* Info.plist */,
			);
			path = JutiLantern;
			sourceTree = "<group>";
		};
/* End PBXGroup section */

/* Begin PBXNativeTarget section */
		CA66CA8D24BF4C7200B1A539 /* JutiLantern */ = {
			isa = PBXNativeTarget;
			buildConfigurationList = CA66CAA224BF4C7500B1A539 /* Build configuration list for PBXNativeTarget "JutiLantern" */;
			buildPhases = (
				CA66CA8A24BF4C7200B1A539 /* Sources */,
				CA66CA8B24BF4C7200B1A539 /* Frameworks */,
				CA66CA8C24BF4C7200B1A539 /* Resources */,
			);
			buildRules = (
			);
			dependencies = (
			);
			name = JutiLantern;
			productName = JutiLantern;
			productReference = CA66CA8E24BF4C7200B1A539 /* JutiLantern.app */;
			productType = "com.apple.product-type.application";
		};
/* End PBXNativeTarget section */

/* Begin PBXProject section */
		CA66CA8624BF4C7200B1A539 /* Project object */ = {
			isa = PBXProject;
			attributes = {
				LastSwiftUpdateCheck = 1150;
				LastUpgradeCheck = 1210;
				ORGANIZATIONNAME = "Nacho Ampuero";
				TargetAttributes = {
					CA66CA8D24BF4C7200B1A539 = {
						CreatedOnToolsVersion = 11.5;
					};
				};
			};
			buildConfigurationList = CA66CA8924BF4C7200B1A539 /* Build configuration list for PBXProject "JutiLantern" */;
			compatibilityVersion = "Xcode 9.3";
			developmentRegion = en;
			hasScannedForEncodings = 0;
			knownRegions = (
				en,
				Base,
			);
			mainGroup = CA66CA8524BF4C7200B1A539;
			productRefGroup = CA66CA8F24BF4C7200B1A539 /* Products */;
			projectDirPath = "";
			projectRoot = "";
			targets = (
				CA66CA8D24BF4C7200B1A539 /* JutiLantern */,
			);
		};
/* End PBXProject section */

/* Begin PBXResourcesBuildPhase section */
		CA66CA8C24BF4C7200B1A539 /* Resources */ = {
			isa = PBXResourcesBuildPhase;
			buildActionMask = 2147483647;
			files = (
				CA66CA9E24BF4C7500B1A539 /* LaunchScreen.storyboard in Resources */,
				CA66CA9B24BF4C7500B1A539 /* Assets.xcassets in Resources */,
				CA66CA9924BF4C7200B1A539 /* Main.storyboard in Resources */,
			);
			runOnlyForDeploymentPostprocessing = 0;
		};
/* End PBXResourcesBuildPhase section */

/* Begin PBXSourcesBuildPhase section */
		CA66CA8A24BF4C7200B1A539 /* Sources */ = {
			isa = PBXSourcesBuildPhase;
			buildActionMask = 2147483647;
			files = (
				CA66CA9624BF4C7200B1A539 /* ViewController.swift in Sources */,
				CA66CA9224BF4C7200B1A539 /* AppDelegate.swift in Sources */,
				CA66CA9424BF4C7200B1A539 /* SceneDelegate.swift in Sources */,
			);
			runOnlyForDeploymentPostprocessing = 0;
		};
/* End PBXSourcesBuildPhase section */

/* Begin PBXVariantGroup section */
		CA66CA9724BF4C7200B1A539 /* Main.storyboard */ = {
			isa = PBXVariantGroup;
			children = (
				CA66CA9824BF4C7200B1A539 /* Base */,
			);
			name = Main.storyboard;
			sourceTree = "<group>";
		};
		CA66CA9C24BF4C7500B1A539 /* LaunchScreen.storyboard */ = {
			isa = PBXVariantGroup;
			children = (
				CA66CA9D24BF4C7500B1A539 /* Base */,
			);
			name = LaunchScreen.storyboard;
			sourceTree = "<group>";
		};
/* End PBXVariantGroup section */

/* Begin XCBuildConfiguration section */
		CA66CAA024BF4C7500B1A539 /* Debug */ = {
			isa = XCBuildConfiguration;
			buildSettings = {
				ALWAYS_SEARCH_USER_PATHS = NO;
				CLANG_ANALYZER_NONNULL = YES;
				CLANG_ANALYZER_NUMBER_OBJECT_CONVERSION = YES_AGGRESSIVE;
				CLANG_CXX_LANGUAGE_STANDARD = "gnu++14";
				CLANG_CXX_LIBRARY = "libc++";
				CLANG_ENABLE_MODULES = YES;
				CLANG_ENABLE_OBJC_ARC = YES;
				CLANG_ENABLE_OBJC_WEAK = YES;
				CLANG_WARN_BLOCK_CAPTURE_AUTORELEASING = YES;
				CLANG_WARN_BOOL_CONVERSION = YES;
				CLANG_WARN_COMMA = YES;
				CLANG_WARN_CONSTANT_CONVERSION = YES;
				CLANG_WARN_DEPRECATED_OBJC_IMPLEMENTATIONS = YES;
				CLANG_WARN_DIRECT_OBJC_ISA_USAGE = YES_ERROR;
				CLANG_WARN_DOCUMENTATION_COMMENTS = YES;
				CLANG_WARN_EMPTY_BODY = YES;
				CLANG_WARN_ENUM_CONVERSION = YES;
				CLANG_WARN_INFINITE_RECURSION = YES;
				CLANG_WARN_INT_CONVERSION = YES;
				CLANG_WARN_NON_LITERAL_NULL_CONVERSION = YES;
				CLANG_WARN_OBJC_IMPLICIT_RETAIN_SELF = YES;
				CLANG_WARN_OBJC_LITERAL_CONVERSION = YES;
				CLANG_WARN_OBJC_ROOT_CLASS = YES_ERROR;
				CLANG_WARN_QUOTED_INCLUDE_IN_FRAMEWORK_HEADER = YES;
				CLANG_WARN_RANGE_LOOP_ANALYSIS = YES;
				CLANG_WARN_STRICT_PROTOTYPES = YES;
				CLANG_WARN_SUSPICIOUS_MOVE = YES;
				CLANG_WARN_UNGUARDED_AVAILABILITY = YES_AGGRESSIVE;
				CLANG_WARN_UNREACHABLE_CODE = YES;
				CLANG_WARN__DUPLICATE_METHOD_MATCH = YES;
				COPY_PHASE_STRIP = NO;
				DEBUG_INFORMATION_FORMAT = dwarf;
				ENABLE_STRICT_OBJC_MSGSEND = YES;
				ENABLE_TESTABILITY = YES;
				GCC_C_LANGUAGE_STANDARD = gnu11;
				GCC_DYNAMIC_NO_PIC = NO;
				GCC_NO_COMMON_BLOCKS = YES;
				GCC_OPTIMIZATION_LEVEL = 0;
				GCC_PREPROCESSOR_DEFINITIONS = (
					"DEBUG=1",
					"$(inherited)",
				);
				GCC_WARN_64_TO_32_BIT_CONVERSION = YES;
				GCC_WARN_ABOUT_RETURN_TYPE = YES_ERROR;
				GCC_WARN_UNDECLARED_SELECTOR = YES;
				GCC_WARN_UNINITIALIZED_AUTOS = YES_AGGRESSIVE;
				GCC_WARN_UNUSED_FUNCTION = YES;
				GCC_WARN_UNUSED_VARIABLE = YES;
				IPHONEOS_DEPLOYMENT_TARGET = 13.5;
				MTL_ENABLE_DEBUG_INFO = INCLUDE_SOURCE;
				MTL_FAST_MATH = YES;
				ONLY_ACTIVE_ARCH = YES;
				SDKROOT = iphoneos;
				SWIFT_ACTIVE_COMPILATION_CONDITIONS = DEBUG;
				SWIFT_OPTIMIZATION_LEVEL = "-Onone";
			};
			name = Debug;
		};
		CA66CAA124BF4C7500B1A539 /* Release */ = {
			isa = XCBuildConfiguration;
			buildSettings = {
				ALWAYS_SEARCH_USER_PATHS = NO;
				CLANG_ANALYZER_NONNULL = YES;
				CLANG_ANALYZER_NUMBER_OBJECT_CONVERSION = YES_AGGRESSIVE;
				CLANG_CXX_LANGUAGE_STANDARD = "gnu++14";
				CLANG_CXX_LIBRARY = "libc++";
				CLANG_ENABLE_MODULES = YES;
				CLANG_ENABLE_OBJC_ARC = YES;
				CLANG_ENABLE_OBJC_WEAK = YES;
				CLANG_WARN_BLOCK_CAPTURE_AUTORELEASING = YES;
				CLANG_WARN_BOOL_CONVERSION = YES;
				CLANG_WARN_COMMA = YES;
				CLANG_WARN_CONSTANT_CONVERSION = YES;
				CLANG_WARN_DEPRECATED_OBJC_IMPLEMENTATIONS = YES;
				CLANG_WARN_DIRECT_OBJC_ISA_USAGE = YES_ERROR;
				CLANG_WARN_DOCUMENTATION_COMMENTS = YES;
				CLANG_WARN_EMPTY_BODY = YES;
				CLANG_WARN_ENUM_CONVERSION = YES;
				CLANG_WARN_INFINITE_RECURSION = YES;
				CLANG_WARN_INT_CONVERSION = YES;
				CLANG_WARN_NON_LITERAL_NULL_CONVERSION = YES;
				CLANG_WARN_OBJC_IMPLICIT_RETAIN_SELF = YES;
				CLANG_WARN_OBJC_LITERAL_CONVERSION = YES;
				CLANG_WARN_OBJC_ROOT_CLASS = YES_ERROR;
				CLANG_WARN_QUOTED_INCLUDE_IN_FRAMEWORK_HEADER = YES;
				CLANG_WARN_RANGE_LOOP_ANALYSIS = YES;
				CLANG_WARN_STRICT_PROTOTYPES = YES;
				CLANG_WARN_SUSPICIOUS_MOVE = YES;
				CLANG_WARN_UNGUARDED_AVAILABILITY = YES_AGGRESSIVE;
				CLANG_WARN_UNREACHABLE_CODE = YES;
				CLANG_WARN__DUPLICATE_METHOD_MATCH = YES;
				COPY_PHASE_STRIP = NO;
				DEBUG_INFORMATION_FORMAT = "dwarf-with-dsym";
				ENABLE_NS_ASSERTIONS = NO;
				ENABLE_STRICT_OBJC_MSGSEND = YES;
				GCC_C_LANGUAGE_STANDARD = gnu11;
				GCC_NO_COMMON_BLOCKS = YES;
				GCC_WARN_64_TO_32_BIT_CONVERSION = YES;
				GCC_WARN_ABOUT_RETURN_TYPE = YES_ERROR;
				GCC_WARN_UNDECLARED_SELECTOR = YES;
				GCC_WARN_UNINITIALIZED_AUTOS = YES_AGGRESSIVE;
				GCC_WARN_UNUSED_FUNCTION = YES;
				GCC_WARN_UNUSED_VARIABLE = YES;
				IPHONEOS_DEPLOYMENT_TARGET = 13.5;
				MTL_ENABLE_DEBUG_INFO = NO;
				MTL_FAST_MATH = YES;
				SDKROOT = iphoneos;
				SWIFT_COMPILATION_MODE = wholemodule;
				SWIFT_OPTIMIZATION_LEVEL = "-O";
				VALIDATE_PRODUCT = YES;
			};
			name = Release;
		};
		CA66CAA324BF4C7500B1A539 /* Debug */ = {
			isa = XCBuildConfiguration;
			buildSettings = {
				ASSETCATALOG_COMPILER_APPICON_NAME = AppIcon;
				CODE_SIGN_STYLE = Automatic;
				DEVELOPMENT_TEAM = W74SAJM8XK;
				INFOPLIST_FILE = JutiLantern/Info.plist;
				LD_RUNPATH_SEARCH_PATHS = (
					"$(inherited)",
					"@executable_path/Frameworks",
				);
				PRODUCT_BUNDLE_IDENTIFIER = com.nacho.ampuero.JutiLantern;
				PRODUCT_NAME = "$(TARGET_NAME)";
				SWIFT_VERSION = 5.0;
				TARGETED_DEVICE_FAMILY = "1,2";
			};
			name = Debug;
		};
		CA66CAA424BF4C7500B1A539 /* Release */ = {
			isa = XCBuildConfiguration;
			buildSettings = {
				ASSETCATALOG_COMPILER_APPICON_NAME = AppIcon;
				CODE_SIGN_STYLE = Automatic;
				DEVELOPMENT_TEAM = W74SAJM8XK;
				INFOPLIST_FILE = JutiLantern/Info.plist;
				LD_RUNPATH_SEARCH_PATHS = (
					"$(inherited)",
					"@executable_path/Frameworks",
				);
				PRODUCT_BUNDLE_IDENTIFIER = com.nacho.ampuero.JutiLantern;
				PRODUCT_NAME = "$(TARGET_NAME)";
				SWIFT_VERSION = 5.0;
				TARGETED_DEVICE_FAMILY = "1,2";
			};
			name = Release;
		};
/* End XCBuildConfiguration section */

/* Begin XCConfigurationList section */
		CA66CA8924BF4C7200B1A539 /* Build configuration list for PBXProject "JutiLantern" */ = {
			isa = XCConfigurationList;
			buildConfigurations = (
				CA66CAA024BF4C7500B1A539 /* Debug */,
				CA66CAA124BF4C7500B1A539 /* Release */,
			);
			defaultConfigurationIsVisible = 0;
			defaultConfigurationName = Release;
		};
		CA66CAA224BF4C7500B1A539 /* Build configuration list for PBXNativeTarget "JutiLantern" */ = {
			isa = XCConfigurationList;
			buildConfigurations = (
				CA66CAA324BF4C7500B1A539 /* Debug */,
				CA66CAA424BF4C7500B1A539 /* Release */,
			);
			defaultConfigurationIsVisible = 0;
			defaultConfigurationName = Release;
		};
/* End XCConfigurationList section */
	};
	rootObject = CA66CA8624BF4C7200B1A539 /* Project object */;
}
